{
  "lockfile_version": "1",
  "packages": {
    "github:NixOS/nixpkgs/nixpkgs-unstable": {
      "last_modified": "2026-04-11T06:17:25Z",
      "resolved": "github:NixOS/nixpkgs/13043924aaa7375ce482ebe2494338e058282925?lastModified=1775888245&narHash=sha256-nwASzrRDD1JBEu%2Fo8ekKYEXm%2FoJW6EMCzCRdrwcLe90%3D"
    },
    "yarn@latest": {
      "last_modified": "2026-04-16T08:46:55Z",
      "resolved": "github:NixOS/nixpkgs/b86751bc4085f48661017fa226dee99fab6c651b#yarn",
      "source": "devbox-search",
      "version": "1.22.22",
      "systems": {
        "aarch64-darwin": {
          "outputs": [
            {
              "name": "out",
              "path": "/nix/store/59yqhmvbl7bsyv5qc30nmrpaf4iqj79h-yarn-1.22.22",
              "default": true
            }
          ],
          "store_path": "/nix/store/59yqhmvbl7bsyv5qc30nmrpaf4iqj79h-yarn-1.22.22"
        },
        "aarch64-linux": {
          "outputs": [
            {
              "name": "out",
              "path": "/nix/store/ybspc2b9q9j9drfpa5d1bmw2qgrkx4qc-yarn-1.22.22",
              "default": true
            }
          ],
          "store_path": "/nix/store/ybspc2b9q9j9drfpa5d1bmw2qgrkx4qc-yarn-1.22.22"
        },
        "x86_64-darwin": {
          "outputs": [
            {
              "name": "out",
              "path": "/nix/store/8j2xmk7ijy7nijpy2yc3mcjf7hxpnpyl-yarn-1.22.22",
              "default": true
            }
          ],
          "store_path": "/nix/store/8j2xmk7ijy7nijpy2yc3mcjf7hxpnpyl-yarn-1.22.22"
        },
        "x86_64-linux": {
          "outputs": [
            {
              "name": "out",
              "path": "/nix/store/g1ksanljq7v16gj8yb7zs6wkv7ikycy3-yarn-1.22.22",
              "default": true
            }
          ],
          "store_path": "/nix/store/g1ksanljq7v16gj8yb7zs6wkv7ikycy3-yarn-1.22.22"
        }
      }
    }
  }
}
